
Microsoft Visual Studio Solution File, Format Version 12.00
# Visual Studio Version 17
VisualStudioVersion = 17.5.002.0
MinimumVisualStudioVersion = 10.0.40219.1
Project("{9A19103F-16F7-4668-BE54-9A1E7A4F7556}") = "MinimalApiZeroToHero.Api", "MinimalApiZeroToHero.Api.csproj", "{380CEF56-EC98-44CB-B8EF-DFB84765767A}"
EndProject
Global
	GlobalSection(SolutionConfigurationPlatforms) = preSolution
		Debug|Any CPU = Debug|Any CPU
		Release|Any CPU = Release|Any CPU
	EndGlobalSection
	GlobalSection(ProjectConfigurationPlatforms) = postSolution
		{380CEF56-EC98-44CB-B8EF-DFB84765767A}.Debug|Any CPU.ActiveCfg = Debug|Any CPU
		{380CEF56-EC98-44CB-B8EF-DFB84765767A}.Debug|Any CPU.Build.0 = Debug|Any CPU
		{380CEF56-EC98-44CB-B8EF-DFB84765767A}.Release|Any CPU.ActiveCfg = Release|Any CPU
		{380CEF56-EC98-44CB-B8EF-DFB84765767A}.Release|Any CPU.Build.0 = Release|Any CPU
	EndGlobalSection
	GlobalSection(SolutionProperties) = preSolution
		HideSolutionNode = FALSE
	EndGlobalSection
	GlobalSection(ExtensibilityGlobals) = postSolution
		SolutionGuid = {9FC308D8-E030-4FBC-9F60-E7C848DBA32B}
	EndGlobalSection
EndGlobal
